// !$*UTF8*$!
{
	archiveVersion = 1;
	classes = {
	};
	objectVersion = 50;
	objects = {

/* Begin PBXBuildFile section */
		211F1F6820F7AFFC00DBAF46 /* AppDelegate.swift in Sources */ = {isa = PBXBuildFile; fileRef = 211F1F6720F7AFFC00DBAF46 /* AppDelegate.swift */; };
		211F1F6A20F7AFFC00DBAF46 /* ViewController.swift in Sources */ = {isa = PBXBuildFile; fileRef = 211F1F6920F7AFFC00DBAF46 /* ViewController.swift */; };
		211F1F6D20F7AFFC00DBAF46 /* Main.storyboard in Resources */ = {isa = PBXBuildFile; fileRef = 211F1F6B20F7AFFC00DBAF46 /* Main.storyboard */; };
		211F1F6F20F7AFFE00DBAF46 /* Assets.xcassets in Resources */ = {isa = PBXBuildFile; fileRef = 211F1F6E20F7AFFE00DBAF46 /* Assets.xcassets */; };
		211F1F7220F7AFFE00DBAF46 /* LaunchScreen.storyboard in Resources */ = {isa = PBXBuildFile; fileRef = 211F1F7020F7AFFE00DBAF46 /* LaunchScreen.storyboard */; };
		C582F02BFE561FFF6EED3CB0 /* Pods_RxWrappersExample.framework in Frameworks */ = {isa = PBXBuildFile; fileRef = 42EEE277C3E82B0423E705CE /* Pods_RxWrappersExample.framework */; };
/* End PBXBuildFile section */

/* Begin PBXFileReference section */
		211F1F6420F7AFFC00DBAF46 /* RxWrappersExample.app */ = {isa = PBXFileReference; explicitFileType = wrapper.application; includeInIndex = 0; path = RxWrappersExample.app; sourceTree = BUILT_PRODUCTS_DIR; };
		211F1F6720F7AFFC00DBAF46 /* AppDelegate.swift */ = {isa = PBXFileReference; lastKnownFileType = sourcecode.swift; path = AppDelegate.swift; sourceTree = "<group>"; };
		211F1F6920F7AFFC00DBAF46 /* ViewController.swift */ = {isa = PBXFileReference; lastKnownFileType = sourcecode.swift; path = ViewController.swift; sourceTree = "<group>"; };
		211F1F6C20F7AFFC00DBAF46 /* Base */ = {isa = PBXFileReference; lastKnownFileType = file.storyboard; name = Base; path = Base.lproj/Main.storyboard; sourceTree = "<group>"; };
		211F1F6E20F7AFFE00DBAF46 /* Assets.xcassets */ = {isa = PBXFileReference; lastKnownFileType = folder.assetcatalog; path = Assets.xcassets; sourceTree = "<group>"; };
		211F1F7120F7AFFE00DBAF46 /* Base */ = {isa = PBXFileReference; lastKnownFileType = file.storyboard; name = Base; path = Base.lproj/LaunchScreen.storyboard; sourceTree = "<group>"; };
		211F1F7320F7AFFE00DBAF46 /* Info.plist */ = {isa = PBXFileReference; lastKnownFileType = text.plist.xml; path = Info.plist; sourceTree = "<group>"; };
		42EEE277C3E82B0423E705CE /* Pods_RxWrappersExample.framework */ = {isa = PBXFileReference; explicitFileType = wrapper.framework; includeInIndex = 0; path = Pods_RxWrappersExample.framework; sourceTree = BUILT_PRODUCTS_DIR; };
		57190F8E4C7AE5761A503B1C /* Pods-RxWrappersExample.debug.xcconfig */ = {isa = PBXFileReference; includeInIndex = 1; lastKnownFileType = text.xcconfig; name = "Pods-RxWrappersExample.debug.xcconfig"; path = "Pods/Target Support Files/Pods-RxWrappersExample/Pods-RxWrappersExample.debug.xcconfig"; sourceTree = "<group>"; };
		98EAF18F84DC88CCD5CE4F20 /* Pods-RxWrappersExample.release.xcconfig */ = {isa = PBXFileReference; includeInIndex = 1; lastKnownFileType = text.xcconfig; name = "Pods-RxWrappersExample.release.xcconfig"; path = "Pods/Target Support Files/Pods-RxWrappersExample/Pods-RxWrappersExample.release.xcconfig"; sourceTree = "<group>"; };
/* End PBXFileReference section */

/* Begin PBXFrameworksBuildPhase section */
		211F1F6120F7AFFC00DBAF46 /* Frameworks */ = {
			isa = PBXFrameworksBuildPhase;
			buildActionMask = 2147483647;
			files = (
				C582F02BFE561FFF6EED3CB0 /* Pods_RxWrappersExample.framework in Frameworks */,
			);
			runOnlyForDeploymentPostprocessing = 0;
		};
/* End PBXFrameworksBuildPhase section */

/* Begin PBXGroup section */
		211F1F5B20F7AFFC00DBAF46 = {
			isa = PBXGroup;
			children = (
				211F1F6620F7AFFC00DBAF46 /* RxWrappersExample */,
				211F1F6520F7AFFC00DBAF46 /* Products */,
				F7C6A9FCD29427CA8C0F9513 /* Pods */,
				ACE15C352A55B54B5C6E2F2D /* Frameworks */,
			);
			sourceTree = "<group>";
		};
		211F1F6520F7AFFC00DBAF46 /* Products */ = {
			isa = PBXGroup;
			children = (
				211F1F6420F7AFFC00DBAF46 /* RxWrappersExample.app */,
			);
			name = Products;
			sourceTree = "<group>";
		};
		211F1F6620F7AFFC00DBAF46 /* RxWrappersExample */ = {
			isa = PBXGroup;
			children = (
				211F1F6720F7AFFC00DBAF46 /* AppDelegate.swift */,
				211F1F6920F7AFFC00DBAF46 /* ViewController.swift */,
				211F1F6B20F7AFFC00DBAF46 /* Main.storyboard */,
				211F1F6E20F7AFFE00DBAF46 /* Assets.xcassets */,
				211F1F7020F7AFFE00DBAF46 /* LaunchScreen.storyboard */,
				211F1F7320F7AFFE00DBAF46 /* Info.plist */,
			);
			path = RxWrappersExample;
			sourceTree = "<group>";
		};
		ACE15C352A55B54B5C6E2F2D /* Frameworks */ = {
			isa = PBXGroup;
			children = (
				42EEE277C3E82B0423E705CE /* Pods_RxWrappersExample.framework */,
			);
			name = Frameworks;
			sourceTree = "<group>";
		};
		F7C6A9FCD29427CA8C0F9513 /* Pods */ = {
			isa = PBXGroup;
			children = (
				57190F8E4C7AE5761A503B1C /* Pods-RxWrappersExample.debug.xcconfig */,
				98EAF18F84DC88CCD5CE4F20 /* Pods-RxWrappersExample.release.xcconfig */,
			);
			name = Pods;
			sourceTree = "<group>";
		};
/* End PBXGroup section */

/* Begin PBXNativeTarget section */
		211F1F6320F7AFFC00DBAF46 /* RxWrappersExample */ = {
			isa = PBXNativeTarget;
			buildConfigurationList = 211F1F7620F7AFFE00DBAF46 /* Build configuration list for PBXNativeTarget "RxWrappersExample" */;
			buildPhases = (
				64F870353132F9487A747C95 /* [CP] Check Pods Manifest.lock */,
				211F1F6020F7AFFC00DBAF46 /* Sources */,
				211F1F6120F7AFFC00DBAF46 /* Frameworks */,
				211F1F6220F7AFFC00DBAF46 /* Resources */,
				DC07272FA491D7AEA4BEB9DD /* [CP] Embed Pods Frameworks */,
			);
			buildRules = (
			);
			dependencies = (
			);
			name = RxWrappersExample;
			productName = RxWrappersExample;
			productReference = 211F1F6420F7AFFC00DBAF46 /* RxWrappersExample.app */;
			productType = "com.apple.product-type.application";
		};
/* End PBXNativeTarget section */

/* Begin PBXProject section */
		211F1F5C20F7AFFC00DBAF46 /* Project object */ = {
			isa = PBXProject;
			attributes = {
				LastSwiftUpdateCheck = 0940;
				LastUpgradeCheck = 0940;
				ORGANIZATIONNAME = "Sourav Chandra";
				TargetAttributes = {
					211F1F6320F7AFFC00DBAF46 = {
						CreatedOnToolsVersion = 9.4.1;
					};
				};
			};
			buildConfigurationList = 211F1F5F20F7AFFC00DBAF46 /* Build configuration list for PBXProject "RxWrappersExample" */;
			compatibilityVersion = "Xcode 9.3";
			developmentRegion = en;
			hasScannedForEncodings = 0;
			knownRegions = (
				en,
				Base,
			);
			mainGroup = 211F1F5B20F7AFFC00DBAF46;
			productRefGroup = 211F1F6520F7AFFC00DBAF46 /* Products */;
			projectDirPath = "";
			projectRoot = "";
			targets = (
				211F1F6320F7AFFC00DBAF46 /* RxWrappersExample */,
			);
		};
/* End PBXProject section */

/* Begin PBXResourcesBuildPhase section */
		211F1F6220F7AFFC00DBAF46 /* Resources */ = {
			isa = PBXResourcesBuildPhase;
			buildActionMask = 2147483647;
			files = (
				211F1F7220F7AFFE00DBAF46 /* LaunchScreen.storyboard in Resources */,
				211F1F6F20F7AFFE00DBAF46 /* Assets.xcassets in Resources */,
				211F1F6D20F7AFFC00DBAF46 /* Main.storyboard in Resources */,
			);
			runOnlyForDeploymentPostprocessing = 0;
		};
/* End PBXResourcesBuildPhase section */

/* Begin PBXShellScriptBuildPhase section */
		64F870353132F9487A747C95 /* [CP] Check Pods Manifest.lock */ = {
			isa = PBXShellScriptBuildPhase;
			buildActionMask = 2147483647;
			files = (
			);
			inputPaths = (
				"${PODS_PODFILE_DIR_PATH}/Podfile.lock",
				"${PODS_ROOT}/Manifest.lock",
			);
			name = "[CP] Check Pods Manifest.lock";
			outputPaths = (
				"$(DERIVED_FILE_DIR)/Pods-RxWrappersExample-checkManifestLockResult.txt",
			);
			runOnlyForDeploymentPostprocessing = 0;
			shellPath = /bin/sh;
			shellScript = "diff \"${PODS_PODFILE_DIR_PATH}/Podfile.lock\" \"${PODS_ROOT}/Manifest.lock\" > /dev/null\nif [ $? != 0 ] ; then\n    # print error to STDERR\n    echo \"error: The sandbox is not in sync with the Podfile.lock. Run 'pod install' or update your CocoaPods installation.\" >&2\n    exit 1\nfi\n# This output is used by Xcode 'outputs' to avoid re-running this script phase.\necho \"SUCCESS\" > \"${SCRIPT_OUTPUT_FILE_0}\"\n";
			showEnvVarsInLog = 0;
		};
		DC07272FA491D7AEA4BEB9DD /* [CP] Embed Pods Frameworks */ = {
			isa = PBXShellScriptBuildPhase;
			buildActionMask = 2147483647;
			files = (
			);
			inputPaths = (
				"${SRCROOT}/Pods/Target Support Files/Pods-RxWrappersExample/Pods-RxWrappersExample-frameworks.sh",
				"${BUILT_PRODUCTS_DIR}/Bolts/Bolts.framework",
				"${BUILT_PRODUCTS_DIR}/FBSDKCoreKit/FBSDKCoreKit.framework",
				"${BUILT_PRODUCTS_DIR}/FBSDKLoginKit/FBSDKLoginKit.framework",
				"${BUILT_PRODUCTS_DIR}/FacebookCore/FacebookCore.framework",
				"${BUILT_PRODUCTS_DIR}/FacebookLogin/FacebookLogin.framework",
				"${BUILT_PRODUCTS_DIR}/RxCocoa/RxCocoa.framework",
				"${BUILT_PRODUCTS_DIR}/RxSwift/RxSwift.framework",
			);
			name = "[CP] Embed Pods Frameworks";
			outputPaths = (
				"${TARGET_BUILD_DIR}/${FRAMEWORKS_FOLDER_PATH}/Bolts.framework",
				"${TARGET_BUILD_DIR}/${FRAMEWORKS_FOLDER_PATH}/FBSDKCoreKit.framework",
				"${TARGET_BUILD_DIR}/${FRAMEWORKS_FOLDER_PATH}/FBSDKLoginKit.framework",
				"${TARGET_BUILD_DIR}/${FRAMEWORKS_FOLDER_PATH}/FacebookCore.framework",
				"${TARGET_BUILD_DIR}/${FRAMEWORKS_FOLDER_PATH}/FacebookLogin.framework",
				"${TARGET_BUILD_DIR}/${FRAMEWORKS_FOLDER_PATH}/RxCocoa.framework",
				"${TARGET_BUILD_DIR}/${FRAMEWORKS_FOLDER_PATH}/RxSwift.framework",
			);
			runOnlyForDeploymentPostprocessing = 0;
			shellPath = /bin/sh;
			shellScript = "\"${SRCROOT}/Pods/Target Support Files/Pods-RxWrappersExample/Pods-RxWrappersExample-frameworks.sh\"\n";
			showEnvVarsInLog = 0;
		};
/* End PBXShellScriptBuildPhase section */

/* Begin PBXSourcesBuildPhase section */
		211F1F6020F7AFFC00DBAF46 /* Sources */ = {
			isa = PBXSourcesBuildPhase;
			buildActionMask = 2147483647;
			files = (
				211F1F6A20F7AFFC00DBAF46 /* ViewController.swift in Sources */,
				211F1F6820F7AFFC00DBAF46 /* AppDelegate.swift in Sources */,
			);
			runOnlyForDeploymentPostprocessing = 0;
		};
/* End PBXSourcesBuildPhase section */

/* Begin PBXVariantGroup section */
		211F1F6B20F7AFFC00DBAF46 /* Main.storyboard */ = {
			isa = PBXVariantGroup;
			children = (
				211F1F6C20F7AFFC00DBAF46 /* Base */,
			);
			name = Main.storyboard;
			sourceTree = "<group>";
		};
		211F1F7020F7AFFE00DBAF46 /* LaunchScreen.storyboard */ = {
			isa = PBXVariantGroup;
			children = (
				211F1F7120F7AFFE00DBAF46 /* Base */,
			);
			name = LaunchScreen.storyboard;
			sourceTree = "<group>";
		};
/* End PBXVariantGroup section */

/* Begin XCBuildConfiguration section */
		211F1F7420F7AFFE00DBAF46 /* Debug */ = {
			isa = XCBuildConfiguration;
			buildSettings = {
				ALWAYS_SEARCH_USER_PATHS = NO;
				CLANG_ANALYZER_NONNULL = YES;
				CLANG_ANALYZER_NUMBER_OBJECT_CONVERSION = YES_AGGRESSIVE;
				CLANG_CXX_LANGUAGE_STANDARD = "gnu++14";
				CLANG_CXX_LIBRARY = "libc++";
				CLANG_ENABLE_MODULES = YES;
				CLANG_ENABLE_OBJC_ARC = YES;
				CLANG_ENABLE_OBJC_WEAK = YES;
				CLANG_WARN_BLOCK_CAPTURE_AUTORELEASING = YES;
				CLANG_WARN_BOOL_CONVERSION = YES;
				CLANG_WARN_COMMA = YES;
				CLANG_WARN_CONSTANT_CONVERSION = YES;
				CLANG_WARN_DEPRECATED_OBJC_IMPLEMENTATIONS = YES;
				CLANG_WARN_DIRECT_OBJC_ISA_USAGE = YES_ERROR;
				CLANG_WARN_DOCUMENTATION_COMMENTS = YES;
				CLANG_WARN_EMPTY_BODY = YES;
				CLANG_WARN_ENUM_CONVERSION = YES;
				CLANG_WARN_INFINITE_RECURSION = YES;
				CLANG_WARN_INT_CONVERSION = YES;
				CLANG_WARN_NON_LITERAL_NULL_CONVERSION = YES;
				CLANG_WARN_OBJC_IMPLICIT_RETAIN_SELF = YES;
				CLANG_WARN_OBJC_LITERAL_CONVERSION = YES;
				CLANG_WARN_OBJC_ROOT_CLASS = YES_ERROR;
				CLANG_WARN_RANGE_LOOP_ANALYSIS = YES;
				CLANG_WARN_STRICT_PROTOTYPES = YES;
				CLANG_WARN_SUSPICIOUS_MOVE = YES;
				CLANG_WARN_UNGUARDED_AVAILABILITY = YES_AGGRESSIVE;
				CLANG_WARN_UNREACHABLE_CODE = YES;
				CLANG_WARN__DUPLICATE_METHOD_MATCH = YES;
				CODE_SIGN_IDENTITY = "iPhone Developer";
				COPY_PHASE_STRIP = NO;
				DEBUG_INFORMATION_FORMAT = dwarf;
				ENABLE_STRICT_OBJC_MSGSEND = YES;
				ENABLE_TESTABILITY = YES;
				GCC_C_LANGUAGE_STANDARD = gnu11;
				GCC_DYNAMIC_NO_PIC = NO;
				GCC_NO_COMMON_BLOCKS = YES;
				GCC_OPTIMIZATION_LEVEL = 0;
				GCC_PREPROCESSOR_DEFINITIONS = (
					"DEBUG=1",
					"$(inherited)",
				);
				GCC_WARN_64_TO_32_BIT_CONVERSION = YES;
				GCC_WARN_ABOUT_RETURN_TYPE = YES_ERROR;
				GCC_WARN_UNDECLARED_SELECTOR = YES;
				GCC_WARN_UNINITIALIZED_AUTOS = YES_AGGRESSIVE;
				GCC_WARN_UNUSED_FUNCTION = YES;
				GCC_WARN_UNUSED_VARIABLE = YES;
				IPHONEOS_DEPLOYMENT_TARGET = 11.4;
				MTL_ENABLE_DEBUG_INFO = YES;
				ONLY_ACTIVE_ARCH = YES;
				SDKROOT = iphoneos;
				SWIFT_ACTIVE_COMPILATION_CONDITIONS = DEBUG;
				SWIFT_OPTIMIZATION_LEVEL = "-Onone";
			};
			name = Debug;
		};
		211F1F7520F7AFFE00DBAF46 /* Release */ = {
			isa = XCBuildConfiguration;
			buildSettings = {
				ALWAYS_SEARCH_USER_PATHS = NO;
				CLANG_ANALYZER_NONNULL = YES;
				CLANG_ANALYZER_NUMBER_OBJECT_CONVERSION = YES_AGGRESSIVE;
				CLANG_CXX_LANGUAGE_STANDARD = "gnu++14";
				CLANG_CXX_LIBRARY = "libc++";
				CLANG_ENABLE_MODULES = YES;
				CLANG_ENABLE_OBJC_ARC = YES;
				CLANG_ENABLE_OBJC_WEAK = YES;
				CLANG_WARN_BLOCK_CAPTURE_AUTORELEASING = YES;
				CLANG_WARN_BOOL_CONVERSION = YES;
				CLANG_WARN_COMMA = YES;
				CLANG_WARN_CONSTANT_CONVERSION = YES;
				CLANG_WARN_DEPRECATED_OBJC_IMPLEMENTATIONS = YES;
				CLANG_WARN_DIRECT_OBJC_ISA_USAGE = YES_ERROR;
				CLANG_WARN_DOCUMENTATION_COMMENTS = YES;
				CLANG_WARN_EMPTY_BODY = YES;
				CLANG_WARN_ENUM_CONVERSION = YES;
				CLANG_WARN_INFINITE_RECURSION = YES;
				CLANG_WARN_INT_CONVERSION = YES;
				CLANG_WARN_NON_LITERAL_NULL_CONVERSION = YES;
				CLANG_WARN_OBJC_IMPLICIT_RETAIN_SELF = YES;
				CLANG_WARN_OBJC_LITERAL_CONVERSION = YES;
				CLANG_WARN_OBJC_ROOT_CLASS = YES_ERROR;
				CLANG_WARN_RANGE_LOOP_ANALYSIS = YES;
				CLANG_WARN_STRICT_PROTOTYPES = YES;
				CLANG_WARN_SUSPICIOUS_MOVE = YES;
				CLANG_WARN_UNGUARDED_AVAILABILITY = YES_AGGRESSIVE;
				CLANG_WARN_UNREACHABLE_CODE = YES;
				CLANG_WARN__DUPLICATE_METHOD_MATCH = YES;
				CODE_SIGN_IDENTITY = "iPhone Developer";
				COPY_PHASE_STRIP = NO;
				DEBUG_INFORMATION_FORMAT = "dwarf-with-dsym";
				ENABLE_NS_ASSERTIONS = NO;
				ENABLE_STRICT_OBJC_MSGSEND = YES;
				GCC_C_LANGUAGE_STANDARD = gnu11;
				GCC_NO_COMMON_BLOCKS = YES;
				GCC_WARN_64_TO_32_BIT_CONVERSION = YES;
				GCC_WARN_ABOUT_RETURN_TYPE = YES_ERROR;
				GCC_WARN_UNDECLARED_SELECTOR = YES;
				GCC_WARN_UNINITIALIZED_AUTOS = YES_AGGRESSIVE;
				GCC_WARN_UNUSED_FUNCTION = YES;
				GCC_WARN_UNUSED_VARIABLE = YES;
				IPHONEOS_DEPLOYMENT_TARGET = 11.4;
				MTL_ENABLE_DEBUG_INFO = NO;
				SDKROOT = iphoneos;
				SWIFT_COMPILATION_MODE = wholemodule;
				SWIFT_OPTIMIZATION_LEVEL = "-O";
				VALIDATE_PRODUCT = YES;
			};
			name = Release;
		};
		211F1F7720F7AFFE00DBAF46 /* Debug */ = {
			isa = XCBuildConfiguration;
			baseConfigurationReference = 57190F8E4C7AE5761A503B1C /* Pods-RxWrappersExample.debug.xcconfig */;
			buildSettings = {
				ASSETCATALOG_COMPILER_APPICON_NAME = AppIcon;
				CODE_SIGN_STYLE = Automatic;
				DEVELOPMENT_TEAM = EC3AZW8X4Z;
				INFOPLIST_FILE = RxWrappersExample/Info.plist;
				LD_RUNPATH_SEARCH_PATHS = (
					"$(inherited)",
					"@executable_path/Frameworks",
				);
				PRODUCT_BUNDLE_IDENTIFIER = sourav.RxWrappersExample;
				PRODUCT_NAME = "$(TARGET_NAME)";
				SWIFT_VERSION = 4.0;
				TARGETED_DEVICE_FAMILY = "1,2";
			};
			name = Debug;
		};
		211F1F7820F7AFFE00DBAF46 /* Release */ = {
			isa = XCBuildConfiguration;
			baseConfigurationReference = 98EAF18F84DC88CCD5CE4F20 /* Pods-RxWrappersExample.release.xcconfig */;
			buildSettings = {
				ASSETCATALOG_COMPILER_APPICON_NAME = AppIcon;
				CODE_SIGN_STYLE = Automatic;
				DEVELOPMENT_TEAM = EC3AZW8X4Z;
				INFOPLIST_FILE = RxWrappersExample/Info.plist;
				LD_RUNPATH_SEARCH_PATHS = (
					"$(inherited)",
					"@executable_path/Frameworks",
				);
				PRODUCT_BUNDLE_IDENTIFIER = sourav.RxWrappersExample;
				PRODUCT_NAME = "$(TARGET_NAME)";
				SWIFT_VERSION = 4.0;
				TARGETED_DEVICE_FAMILY = "1,2";
			};
			name = Release;
		};
/* End XCBuildConfiguration section */

/* Begin XCConfigurationList section */
		211F1F5F20F7AFFC00DBAF46 /* Build configuration list for PBXProject "RxWrappersExample" */ = {
			isa = XCConfigurationList;
			buildConfigurations = (
				211F1F7420F7AFFE00DBAF46 /* Debug */,
				211F1F7520F7AFFE00DBAF46 /* Release */,
			);
			defaultConfigurationIsVisible = 0;
			defaultConfigurationName = Release;
		};
		211F1F7620F7AFFE00DBAF46 /* Build configuration list for PBXNativeTarget "RxWrappersExample" */ = {
			isa = XCConfigurationList;
			buildConfigurations = (
				211F1F7720F7AFFE00DBAF46 /* Debug */,
				211F1F7820F7AFFE00DBAF46 /* Release */,
			);
			defaultConfigurationIsVisible = 0;
			defaultConfigurationName = Release;
		};
/* End XCConfigurationList section */
	};
	rootObject = 211F1F5C20F7AFFC00DBAF46 /* Project object */;
}
